{
  "object": {
    "pins": [
      {
        "package": "MoofFoundation",
        "repositoryURL": "/Users/moose/MooseFactory/2021/Frameworks/MoofFoundation",
        "state": {
          "branch": null,
          "revision": "92afd566c472da7e20217e24783d8c05b097d01d",
          "version": "1.1.0"
        }
      },
      {
        "package": "SwiftMIDI",
        "repositoryURL": "/Users/moose/MooseFactory/2021/Frameworks/Midi/SwiftMIDI",
        "state": {
          "branch": null,
          "revision": "111809ca5e68a139cd81742424f2472f2a62c0a6",
          "version": "1.0.5"
        }
      },
      {
        "package": "UniColor",
        "repositoryURL": "/Users/moose/MooseFactory/2021/Frameworks/UniColor",
        "state": {
          "branch": null,
          "revision": "a1a7121ef1b977ae644fda87055f93cd6b0bfb3c",
          "version": "1.0.0"
        }
      }
    ]
  },
  "version": 1
}
